
Microsoft Visual Studio Solution File, Format Version 12.00
# Visual Studio Version 16
VisualStudioVersion = 16.0.30114.105
MinimumVisualStudioVersion = 10.0.40219.1
Project("{FAE04EC0-301F-11D3-BF4B-00C04F79EFBC}") = "HidingPrac", "HidingPrac\HidingPrac.csproj", "{B30365C4-EFDC-4229-B645-C3F189611385}"
EndProject
Global
	GlobalSection(SolutionConfigurationPlatforms) = preSolution
		Debug|Any CPU = Debug|Any CPU
		Release|Any CPU = Release|Any CPU
	EndGlobalSection
	GlobalSection(ProjectConfigurationPlatforms) = postSolution
		{B30365C4-EFDC-4229-B645-C3F189611385}.Debug|Any CPU.ActiveCfg = Debug|Any CPU
		{B30365C4-EFDC-4229-B645-C3F189611385}.Debug|Any CPU.Build.0 = Debug|Any CPU
		{B30365C4-EFDC-4229-B645-C3F189611385}.Release|Any CPU.ActiveCfg = Release|Any CPU
		{B30365C4-EFDC-4229-B645-C3F189611385}.Release|Any CPU.Build.0 = Release|Any CPU
	EndGlobalSection
	GlobalSection(SolutionProperties) = preSolution
		HideSolutionNode = FALSE
	EndGlobalSection
	GlobalSection(ExtensibilityGlobals) = postSolution
		SolutionGuid = {FDA6FE3B-8645-422D-87B3-1EF4E7B8ACA0}
	EndGlobalSection
EndGlobal
